
Microsoft Visual Studio Solution File, Format Version 12.00
# Visual Studio 15
VisualStudioVersion = 15.0.28307.1267
MinimumVisualStudioVersion = 10.0.40219.1
Project("{FAE04EC0-301F-11D3-BF4B-00C04F79EFBC}") = "JuanCuencaexamen.Android", "JuanCuencaexamen\JuanCuencaexamen.Android\JuanCuencaexamen.Android.csproj", "{D8864A64-3D91-4367-9AD6-EA24609787A7}"
EndProject
Project("{FAE04EC0-301F-11D3-BF4B-00C04F79EFBC}") = "JuanCuencaexamen.iOS", "JuanCuencaexamen\JuanCuencaexamen.iOS\JuanCuencaexamen.iOS.csproj", "{2677729C-3CB5-4E22-8041-1DB73244A839}"
EndProject
Project("{FAE04EC0-301F-11D3-BF4B-00C04F79EFBC}") = "JuanCuencaexamen", "JuanCuencaexamen\JuanCuencaexamen\JuanCuencaexamen.csproj", "{20D51384-4400-476F-89BD-7D33DDCBB0B6}"
EndProject
Global
	GlobalSection(SolutionConfigurationPlatforms) = preSolution
		Ad-Hoc|Any CPU = Ad-Hoc|Any CPU
		Ad-Hoc|iPhone = Ad-Hoc|iPhone
		Ad-Hoc|iPhoneSimulator = Ad-Hoc|iPhoneSimulator
		AppStore|Any CPU = AppStore|Any CPU
		AppStore|iPhone = AppStore|iPhone
		AppStore|iPhoneSimulator = AppStore|iPhoneSimulator
		Debug|Any CPU = Debug|Any CPU
		Debug|iPhone = Debug|iPhone
		Debug|iPhoneSimulator = Debug|iPhoneSimulator
		Release|Any CPU = Release|Any CPU
		Release|iPhone = Release|iPhone
		Release|iPhoneSimulator = Release|iPhoneSimulator
	EndGlobalSection
	GlobalSection(ProjectConfigurationPlatforms) = postSolution
		{D8864A64-3D91-4367-9AD6-EA24609787A7}.Ad-Hoc|Any CPU.ActiveCfg = Release|Any CPU
		{D8864A64-3D91-4367-9AD6-EA24609787A7}.Ad-Hoc|Any CPU.Build.0 = Release|Any CPU
		{D8864A64-3D91-4367-9AD6-EA24609787A7}.Ad-Hoc|Any CPU.Deploy.0 = Release|Any CPU
		{D8864A64-3D91-4367-9AD6-EA24609787A7}.Ad-Hoc|iPhone.ActiveCfg = Release|Any CPU
		{D8864A64-3D91-4367-9AD6-EA24609787A7}.Ad-Hoc|iPhone.Build.0 = Release|Any CPU
		{D8864A64-3D91-4367-9AD6-EA24609787A7}.Ad-Hoc|iPhone.Deploy.0 = Release|Any CPU
		{D8864A64-3D91-4367-9AD6-EA24609787A7}.Ad-Hoc|iPhoneSimulator.ActiveCfg = Release|Any CPU
		{D8864A64-3D91-4367-9AD6-EA24609787A7}.Ad-Hoc|iPhoneSimulator.Build.0 = Release|Any CPU
		{D8864A64-3D91-4367-9AD6-EA24609787A7}.Ad-Hoc|iPhoneSimulator.Deploy.0 = Release|Any CPU
		{D8864A64-3D91-4367-9AD6-EA24609787A7}.AppStore|Any CPU.ActiveCfg = Release|Any CPU
		{D8864A64-3D91-4367-9AD6-EA24609787A7}.AppStore|Any CPU.Build.0 = Release|Any CPU
		{D8864A64-3D91-4367-9AD6-EA24609787A7}.AppStore|Any CPU.Deploy.0 = Release|Any CPU
		{D8864A64-3D91-4367-9AD6-EA24609787A7}.AppStore|iPhone.ActiveCfg = Release|Any CPU
		{D8864A64-3D91-4367-9AD6-EA24609787A7}.AppStore|iPhone.Build.0 = Release|Any CPU
		{D8864A64-3D91-4367-9AD6-EA24609787A7}.AppStore|iPhone.Deploy.0 = Release|Any CPU
		{D8864A64-3D91-4367-9AD6-EA24609787A7}.AppStore|iPhoneSimulator.ActiveCfg = Release|Any CPU
		{D8864A64-3D91-4367-9AD6-EA24609787A7}.AppStore|iPhoneSimulator.Build.0 = Release|Any CPU
		{D8864A64-3D91-4367-9AD6-EA24609787A7}.AppStore|iPhoneSimulator.Deploy.0 = Release|Any CPU
		{D8864A64-3D91-4367-9AD6-EA24609787A7}.Debug|Any CPU.ActiveCfg = Debug|Any CPU
		{D8864A64-3D91-4367-9AD6-EA24609787A7}.Debug|Any CPU.Build.0 = Debug|Any CPU
		{D8864A64-3D91-4367-9AD6-EA24609787A7}.Debug|Any CPU.Deploy.0 = Debug|Any CPU
		{D8864A64-3D91-4367-9AD6-EA24609787A7}.Debug|iPhone.ActiveCfg = Debug|Any CPU
		{D8864A64-3D91-4367-9AD6-EA24609787A7}.Debug|iPhone.Build.0 = Debug|Any CPU
		{D8864A64-3D91-4367-9AD6-EA24609787A7}.Debug|iPhone.Deploy.0 = Debug|Any CPU
		{D8864A64-3D91-4367-9AD6-EA24609787A7}.Debug|iPhoneSimulator.ActiveCfg = Debug|Any CPU
		{D8864A64-3D91-4367-9AD6-EA24609787A7}.Debug|iPhoneSimulator.Build.0 = Debug|Any CPU
		{D8864A64-3D91-4367-9AD6-EA24609787A7}.Debug|iPhoneSimulator.Deploy.0 = Debug|Any CPU
		{D8864A64-3D91-4367-9AD6-EA24609787A7}.Release|Any CPU.ActiveCfg = Release|Any CPU
		{D8864A64-3D91-4367-9AD6-EA24609787A7}.Release|Any CPU.Build.0 = Release|Any CPU
		{D8864A64-3D91-4367-9AD6-EA24609787A7}.Release|Any CPU.Deploy.0 = Release|Any CPU
		{D8864A64-3D91-4367-9AD6-EA24609787A7}.Release|iPhone.ActiveCfg = Release|Any CPU
		{D8864A64-3D91-4367-9AD6-EA24609787A7}.Release|iPhone.Build.0 = Release|Any CPU
		{D8864A64-3D91-4367-9AD6-EA24609787A7}.Release|iPhone.Deploy.0 = Release|Any CPU
		{D8864A64-3D91-4367-9AD6-EA24609787A7}.Release|iPhoneSimulator.ActiveCfg = Release|Any CPU
		{D8864A64-3D91-4367-9AD6-EA24609787A7}.Release|iPhoneSimulator.Build.0 = Release|Any CPU
		{D8864A64-3D91-4367-9AD6-EA24609787A7}.Release|iPhoneSimulator.Deploy.0 = Release|Any CPU
		{2677729C-3CB5-4E22-8041-1DB73244A839}.Ad-Hoc|Any CPU.ActiveCfg = Ad-Hoc|iPhone
		{2677729C-3CB5-4E22-8041-1DB73244A839}.Ad-Hoc|Any CPU.Build.0 = Ad-Hoc|iPhone
		{2677729C-3CB5-4E22-8041-1DB73244A839}.Ad-Hoc|Any CPU.Deploy.0 = Ad-Hoc|iPhone
		{2677729C-3CB5-4E22-8041-1DB73244A839}.Ad-Hoc|iPhone.ActiveCfg = Ad-Hoc|iPhone
		{2677729C-3CB5-4E22-8041-1DB73244A839}.Ad-Hoc|iPhone.Build.0 = Ad-Hoc|iPhone
		{2677729C-3CB5-4E22-8041-1DB73244A839}.Ad-Hoc|iPhone.Deploy.0 = Ad-Hoc|iPhone
		{2677729C-3CB5-4E22-8041-1DB73244A839}.Ad-Hoc|iPhoneSimulator.ActiveCfg = Ad-Hoc|iPhoneSimulator
		{2677729C-3CB5-4E22-8041-1DB73244A839}.Ad-Hoc|iPhoneSimulator.Build.0 = Ad-Hoc|iPhoneSimulator
		{2677729C-3CB5-4E22-8041-1DB73244A839}.Ad-Hoc|iPhoneSimulator.Deploy.0 = Ad-Hoc|iPhoneSimulator
		{2677729C-3CB5-4E22-8041-1DB73244A839}.AppStore|Any CPU.ActiveCfg = AppStore|iPhone
		{2677729C-3CB5-4E22-8041-1DB73244A839}.AppStore|Any CPU.Build.0 = AppStore|iPhone
		{2677729C-3CB5-4E22-8041-1DB73244A839}.AppStore|Any CPU.Deploy.0 = AppStore|iPhone
		{2677729C-3CB5-4E22-8041-1DB73244A839}.AppStore|iPhone.ActiveCfg = AppStore|iPhone
		{2677729C-3CB5-4E22-8041-1DB73244A839}.AppStore|iPhone.Build.0 = AppStore|iPhone
		{2677729C-3CB5-4E22-8041-1DB73244A839}.AppStore|iPhone.Deploy.0 = AppStore|iPhone
		{2677729C-3CB5-4E22-8041-1DB73244A839}.AppStore|iPhoneSimulator.ActiveCfg = AppStore|iPhoneSimulator
		{2677729C-3CB5-4E22-8041-1DB73244A839}.AppStore|iPhoneSimulator.Build.0 = AppStore|iPhoneSimulator
		{2677729C-3CB5-4E22-8041-1DB73244A839}.AppStore|iPhoneSimulator.Deploy.0 = AppStore|iPhoneSimulator
		{2677729C-3CB5-4E22-8041-1DB73244A839}.Debug|Any CPU.ActiveCfg = Debug|iPhoneSimulator
		{2677729C-3CB5-4E22-8041-1DB73244A839}.Debug|Any CPU.Build.0 = Debug|iPhoneSimulator
		{2677729C-3CB5-4E22-8041-1DB73244A839}.Debug|Any CPU.Deploy.0 = Debug|iPhoneSimulator
		{2677729C-3CB5-4E22-8041-1DB73244A839}.Debug|iPhone.ActiveCfg = Debug|iPhone
		{2677729C-3CB5-4E22-8041-1DB73244A839}.Debug|iPhone.Build.0 = Debug|iPhone
		{2677729C-3CB5-4E22-8041-1DB73244A839}.Debug|iPhone.Deploy.0 = Debug|iPhone
		{2677729C-3CB5-4E22-8041-1DB73244A839}.Debug|iPhoneSimulator.ActiveCfg = Debug|iPhoneSimulator
		{2677729C-3CB5-4E22-8041-1DB73244A839}.Debug|iPhoneSimulator.Build.0 = Debug|iPhoneSimulator
		{2677729C-3CB5-4E22-8041-1DB73244A839}.Debug|iPhoneSimulator.Deploy.0 = Debug|iPhoneSimulator
		{2677729C-3CB5-4E22-8041-1DB73244A839}.Release|Any CPU.ActiveCfg = Release|iPhone
		{2677729C-3CB5-4E22-8041-1DB73244A839}.Release|Any CPU.Build.0 = Release|iPhone
		{2677729C-3CB5-4E22-8041-1DB73244A839}.Release|Any CPU.Deploy.0 = Release|iPhone
		{2677729C-3CB5-4E22-8041-1DB73244A839}.Release|iPhone.ActiveCfg = Release|iPhone
		{2677729C-3CB5-4E22-8041-1DB73244A839}.Release|iPhone.Build.0 = Release|iPhone
		{2677729C-3CB5-4E22-8041-1DB73244A839}.Release|iPhone.Deploy.0 = Release|iPhone
		{2677729C-3CB5-4E22-8041-1DB73244A839}.Release|iPhoneSimulator.ActiveCfg = Release|iPhoneSimulator
		{2677729C-3CB5-4E22-8041-1DB73244A839}.Release|iPhoneSimulator.Build.0 = Release|iPhoneSimulator
		{2677729C-3CB5-4E22-8041-1DB73244A839}.Release|iPhoneSimulator.Deploy.0 = Release|iPhoneSimulator
		{20D51384-4400-476F-89BD-7D33DDCBB0B6}.Ad-Hoc|Any CPU.ActiveCfg = Debug|Any CPU
		{20D51384-4400-476F-89BD-7D33DDCBB0B6}.Ad-Hoc|Any CPU.Build.0 = Debug|Any CPU
		{20D51384-4400-476F-89BD-7D33DDCBB0B6}.Ad-Hoc|Any CPU.Deploy.0 = Debug|Any CPU
		{20D51384-4400-476F-89BD-7D33DDCBB0B6}.Ad-Hoc|iPhone.ActiveCfg = Debug|Any CPU
		{20D51384-4400-476F-89BD-7D33DDCBB0B6}.Ad-Hoc|iPhone.Build.0 = Debug|Any CPU
		{20D51384-4400-476F-89BD-7D33DDCBB0B6}.Ad-Hoc|iPhone.Deploy.0 = Debug|Any CPU
		{20D51384-4400-476F-89BD-7D33DDCBB0B6}.Ad-Hoc|iPhoneSimulator.ActiveCfg = Debug|Any CPU
		{20D51384-4400-476F-89BD-7D33DDCBB0B6}.Ad-Hoc|iPhoneSimulator.Build.0 = Debug|Any CPU
		{20D51384-4400-476F-89BD-7D33DDCBB0B6}.Ad-Hoc|iPhoneSimulator.Deploy.0 = Debug|Any CPU
		{20D51384-4400-476F-89BD-7D33DDCBB0B6}.AppStore|Any CPU.ActiveCfg = Debug|Any CPU
		{20D51384-4400-476F-89BD-7D33DDCBB0B6}.AppStore|Any CPU.Build.0 = Debug|Any CPU
		{20D51384-4400-476F-89BD-7D33DDCBB0B6}.AppStore|Any CPU.Deploy.0 = Debug|Any CPU
		{20D51384-4400-476F-89BD-7D33DDCBB0B6}.AppStore|iPhone.ActiveCfg = Debug|Any CPU
		{20D51384-4400-476F-89BD-7D33DDCBB0B6}.AppStore|iPhone.Build.0 = Debug|Any CPU
		{20D51384-4400-476F-89BD-7D33DDCBB0B6}.AppStore|iPhone.Deploy.0 = Debug|Any CPU
		{20D51384-4400-476F-89BD-7D33DDCBB0B6}.AppStore|iPhoneSimulator.ActiveCfg = Debug|Any CPU
		{20D51384-4400-476F-89BD-7D33DDCBB0B6}.AppStore|iPhoneSimulator.Build.0 = Debug|Any CPU
		{20D51384-4400-476F-89BD-7D33DDCBB0B6}.AppStore|iPhoneSimulator.Deploy.0 = Debug|Any CPU
		{20D51384-4400-476F-89BD-7D33DDCBB0B6}.Debug|Any CPU.ActiveCfg = Debug|Any CPU
		{20D51384-4400-476F-89BD-7D33DDCBB0B6}.Debug|Any CPU.Build.0 = Debug|Any CPU
		{20D51384-4400-476F-89BD-7D33DDCBB0B6}.Debug|Any CPU.Deploy.0 = Debug|Any CPU
		{20D51384-4400-476F-89BD-7D33DDCBB0B6}.Debug|iPhone.ActiveCfg = Debug|Any CPU
		{20D51384-4400-476F-89BD-7D33DDCBB0B6}.Debug|iPhone.Build.0 = Debug|Any CPU
		{20D51384-4400-476F-89BD-7D33DDCBB0B6}.Debug|iPhone.Deploy.0 = Debug|Any CPU
		{20D51384-4400-476F-89BD-7D33DDCBB0B6}.Debug|iPhoneSimulator.ActiveCfg = Debug|Any CPU
		{20D51384-4400-476F-89BD-7D33DDCBB0B6}.Debug|iPhoneSimulator.Build.0 = Debug|Any CPU
		{20D51384-4400-476F-89BD-7D33DDCBB0B6}.Debug|iPhoneSimulator.Deploy.0 = Debug|Any CPU
		{20D51384-4400-476F-89BD-7D33DDCBB0B6}.Release|Any CPU.ActiveCfg = Release|Any CPU
		{20D51384-4400-476F-89BD-7D33DDCBB0B6}.Release|Any CPU.Build.0 = Release|Any CPU
		{20D51384-4400-476F-89BD-7D33DDCBB0B6}.Release|Any CPU.Deploy.0 = Release|Any CPU
		{20D51384-4400-476F-89BD-7D33DDCBB0B6}.Release|iPhone.ActiveCfg = Release|Any CPU
		{20D51384-4400-476F-89BD-7D33DDCBB0B6}.Release|iPhone.Build.0 = Release|Any CPU
		{20D51384-4400-476F-89BD-7D33DDCBB0B6}.Release|iPhone.Deploy.0 = Release|Any CPU
		{20D51384-4400-476F-89BD-7D33DDCBB0B6}.Release|iPhoneSimulator.ActiveCfg = Release|Any CPU
		{20D51384-4400-476F-89BD-7D33DDCBB0B6}.Release|iPhoneSimulator.Build.0 = Release|Any CPU
		{20D51384-4400-476F-89BD-7D33DDCBB0B6}.Release|iPhoneSimulator.Deploy.0 = Release|Any CPU
	EndGlobalSection
	GlobalSection(SolutionProperties) = preSolution
		HideSolutionNode = FALSE
	EndGlobalSection
	GlobalSection(ExtensibilityGlobals) = postSolution
		SolutionGuid = {EC3C9197-CF89-430D-8C0C-87772909F47A}
	EndGlobalSection
EndGlobal
